
Microsoft Visual Studio Solution File, Format Version 12.00
# Visual Studio 15
VisualStudioVersion = 15.0.27004.2010
MinimumVisualStudioVersion = 10.0.40219.1
Project("{FAE04EC0-301F-11D3-BF4B-00C04F79EFBC}") = "GoodsOrderingService", "GoodsOrderingService\GoodsOrderingService.csproj", "{FA3E91E6-110D-4A7F-AA74-EA689B3ED39B}"
EndProject
Global
	GlobalSection(SolutionConfigurationPlatforms) = preSolution
		Debug|Any CPU = Debug|Any CPU
		Release|Any CPU = Release|Any CPU
	EndGlobalSection
	GlobalSection(ProjectConfigurationPlatforms) = postSolution
		{FA3E91E6-110D-4A7F-AA74-EA689B3ED39B}.Debug|Any CPU.ActiveCfg = Debug|Any CPU
		{FA3E91E6-110D-4A7F-AA74-EA689B3ED39B}.Debug|Any CPU.Build.0 = Debug|Any CPU
		{FA3E91E6-110D-4A7F-AA74-EA689B3ED39B}.Release|Any CPU.ActiveCfg = Release|Any CPU
		{FA3E91E6-110D-4A7F-AA74-EA689B3ED39B}.Release|Any CPU.Build.0 = Release|Any CPU
	EndGlobalSection
	GlobalSection(SolutionProperties) = preSolution
		HideSolutionNode = FALSE
	EndGlobalSection
	GlobalSection(ExtensibilityGlobals) = postSolution
		SolutionGuid = {B0B18C73-F582-4A93-AB58-CE15E50AA58F}
	EndGlobalSection
EndGlobal
